
Microsoft Visual Studio Solution File, Format Version 12.00
# Visual Studio Version 17
VisualStudioVersion = 17.1.32421.90
MinimumVisualStudioVersion = 10.0.40219.1
Project("{FAE04EC0-301F-11D3-BF4B-00C04F79EFBC}") = "CoffeeShopProducts", "CoffeeShopProducts\CoffeeShopProducts.csproj", "{39BD12DA-6A44-40CC-813D-D020F1B47B38}"
EndProject
Global
	GlobalSection(SolutionConfigurationPlatforms) = preSolution
		Debug|Any CPU = Debug|Any CPU
		Release|Any CPU = Release|Any CPU
	EndGlobalSection
	GlobalSection(ProjectConfigurationPlatforms) = postSolution
		{39BD12DA-6A44-40CC-813D-D020F1B47B38}.Debug|Any CPU.ActiveCfg = Debug|Any CPU
		{39BD12DA-6A44-40CC-813D-D020F1B47B38}.Debug|Any CPU.Build.0 = Debug|Any CPU
		{39BD12DA-6A44-40CC-813D-D020F1B47B38}.Release|Any CPU.ActiveCfg = Release|Any CPU
		{39BD12DA-6A44-40CC-813D-D020F1B47B38}.Release|Any CPU.Build.0 = Release|Any CPU
	EndGlobalSection
	GlobalSection(SolutionProperties) = preSolution
		HideSolutionNode = FALSE
	EndGlobalSection
	GlobalSection(ExtensibilityGlobals) = postSolution
		SolutionGuid = {35AF95CF-145D-4795-94C2-8B7ADE32B543}
	EndGlobalSection
EndGlobal
